
Microsoft Visual Studio Solution File, Format Version 12.00
Project("{FAE04EC0-301F-11D3-BF4B-00C04F79EFBC}") = "hw1", "hw1\hw1\hw1.csproj", "{4CC1B02A-7242-4F8F-85A1-B8309C9A2F5F}"
EndProject
Project("{FAE04EC0-301F-11D3-BF4B-00C04F79EFBC}") = "Tests", "hw1\Tests\Tests.csproj", "{963FFCA7-48FA-4BBA-A875-2B360926C7B2}"
EndProject
Project("{FAE04EC0-301F-11D3-BF4B-00C04F79EFBC}") = "hw2", "hw2\hw2.csproj", "{71397E65-9D2E-4FB0-B7DB-7BEBD9CE2515}"
EndProject
Project("{FAE04EC0-301F-11D3-BF4B-00C04F79EFBC}") = "hw2_il", "hw2_il\hw2_il.ilproj", "{AED3AFB0-8F3D-4A75-AE61-7F122EF22AEF}"
EndProject
Project("{FAE04EC0-301F-11D3-BF4B-00C04F79EFBC}") = "Tests2", "hw2\Tests2\Tests2.csproj", "{700F779D-A3B8-4468-B53F-B96CB127CD81}"
EndProject
Project("{F2A71F9B-5D33-465A-A702-920D77279786}") = "hw3", "hw3\hw3.fsproj", "{94C810D0-2565-4F9C-84FA-CF08369A6B1B}"
EndProject
Project("{F2A71F9B-5D33-465A-A702-920D77279786}") = "Tests3", "hw3\Tests3\Tests3.fsproj", "{E3C99226-F233-4E5C-BC43-619F5B1DA21D}"
EndProject
Project("{F2A71F9B-5D33-465A-A702-920D77279786}") = "hw4", "hw4\hw4.fsproj", "{A8589FAE-594A-4368-8DF2-180DC35FBD15}"
EndProject
Project("{F2A71F9B-5D33-465A-A702-920D77279786}") = "Tests4", "Tests4\Tests4.fsproj", "{6DD45F8E-0AA6-4E89-B878-AF714D58D5D1}"
EndProject
Project("{F2A71F9B-5D33-465A-A702-920D77279786}") = "hw5", "hw5\hw5.fsproj", "{3B0BCCC1-6209-4FE7-A969-1801AA557C74}"
EndProject
Project("{FAE04EC0-301F-11D3-BF4B-00C04F79EFBC}") = "Tests5", "Tests5\Tests5.csproj", "{CA6A110C-8AE2-45C5-8BF6-89115BE70269}"
EndProject
Global
	GlobalSection(SolutionConfigurationPlatforms) = preSolution
		Debug|Any CPU = Debug|Any CPU
		Release|Any CPU = Release|Any CPU
	EndGlobalSection
	GlobalSection(ProjectConfigurationPlatforms) = postSolution
		{4CC1B02A-7242-4F8F-85A1-B8309C9A2F5F}.Debug|Any CPU.ActiveCfg = Debug|Any CPU
		{4CC1B02A-7242-4F8F-85A1-B8309C9A2F5F}.Debug|Any CPU.Build.0 = Debug|Any CPU
		{4CC1B02A-7242-4F8F-85A1-B8309C9A2F5F}.Release|Any CPU.ActiveCfg = Release|Any CPU
		{4CC1B02A-7242-4F8F-85A1-B8309C9A2F5F}.Release|Any CPU.Build.0 = Release|Any CPU
		{963FFCA7-48FA-4BBA-A875-2B360926C7B2}.Debug|Any CPU.ActiveCfg = Debug|Any CPU
		{963FFCA7-48FA-4BBA-A875-2B360926C7B2}.Debug|Any CPU.Build.0 = Debug|Any CPU
		{963FFCA7-48FA-4BBA-A875-2B360926C7B2}.Release|Any CPU.ActiveCfg = Release|Any CPU
		{963FFCA7-48FA-4BBA-A875-2B360926C7B2}.Release|Any CPU.Build.0 = Release|Any CPU
		{71397E65-9D2E-4FB0-B7DB-7BEBD9CE2515}.Debug|Any CPU.ActiveCfg = Debug|Any CPU
		{71397E65-9D2E-4FB0-B7DB-7BEBD9CE2515}.Debug|Any CPU.Build.0 = Debug|Any CPU
		{71397E65-9D2E-4FB0-B7DB-7BEBD9CE2515}.Release|Any CPU.ActiveCfg = Release|Any CPU
		{71397E65-9D2E-4FB0-B7DB-7BEBD9CE2515}.Release|Any CPU.Build.0 = Release|Any CPU
		{AED3AFB0-8F3D-4A75-AE61-7F122EF22AEF}.Debug|Any CPU.ActiveCfg = Debug|Any CPU
		{AED3AFB0-8F3D-4A75-AE61-7F122EF22AEF}.Debug|Any CPU.Build.0 = Debug|Any CPU
		{AED3AFB0-8F3D-4A75-AE61-7F122EF22AEF}.Release|Any CPU.ActiveCfg = Release|Any CPU
		{AED3AFB0-8F3D-4A75-AE61-7F122EF22AEF}.Release|Any CPU.Build.0 = Release|Any CPU
		{700F779D-A3B8-4468-B53F-B96CB127CD81}.Debug|Any CPU.ActiveCfg = Debug|Any CPU
		{700F779D-A3B8-4468-B53F-B96CB127CD81}.Debug|Any CPU.Build.0 = Debug|Any CPU
		{700F779D-A3B8-4468-B53F-B96CB127CD81}.Release|Any CPU.ActiveCfg = Release|Any CPU
		{700F779D-A3B8-4468-B53F-B96CB127CD81}.Release|Any CPU.Build.0 = Release|Any CPU
		{94C810D0-2565-4F9C-84FA-CF08369A6B1B}.Debug|Any CPU.ActiveCfg = Debug|Any CPU
		{94C810D0-2565-4F9C-84FA-CF08369A6B1B}.Debug|Any CPU.Build.0 = Debug|Any CPU
		{94C810D0-2565-4F9C-84FA-CF08369A6B1B}.Release|Any CPU.ActiveCfg = Release|Any CPU
		{94C810D0-2565-4F9C-84FA-CF08369A6B1B}.Release|Any CPU.Build.0 = Release|Any CPU
		{E3C99226-F233-4E5C-BC43-619F5B1DA21D}.Debug|Any CPU.ActiveCfg = Debug|Any CPU
		{E3C99226-F233-4E5C-BC43-619F5B1DA21D}.Debug|Any CPU.Build.0 = Debug|Any CPU
		{E3C99226-F233-4E5C-BC43-619F5B1DA21D}.Release|Any CPU.ActiveCfg = Release|Any CPU
		{E3C99226-F233-4E5C-BC43-619F5B1DA21D}.Release|Any CPU.Build.0 = Release|Any CPU
		{A8589FAE-594A-4368-8DF2-180DC35FBD15}.Debug|Any CPU.ActiveCfg = Debug|Any CPU
		{A8589FAE-594A-4368-8DF2-180DC35FBD15}.Debug|Any CPU.Build.0 = Debug|Any CPU
		{A8589FAE-594A-4368-8DF2-180DC35FBD15}.Release|Any CPU.ActiveCfg = Release|Any CPU
		{A8589FAE-594A-4368-8DF2-180DC35FBD15}.Release|Any CPU.Build.0 = Release|Any CPU
		{6DD45F8E-0AA6-4E89-B878-AF714D58D5D1}.Debug|Any CPU.ActiveCfg = Debug|Any CPU
		{6DD45F8E-0AA6-4E89-B878-AF714D58D5D1}.Debug|Any CPU.Build.0 = Debug|Any CPU
		{6DD45F8E-0AA6-4E89-B878-AF714D58D5D1}.Release|Any CPU.ActiveCfg = Release|Any CPU
		{6DD45F8E-0AA6-4E89-B878-AF714D58D5D1}.Release|Any CPU.Build.0 = Release|Any CPU
		{3B0BCCC1-6209-4FE7-A969-1801AA557C74}.Debug|Any CPU.ActiveCfg = Debug|Any CPU
		{3B0BCCC1-6209-4FE7-A969-1801AA557C74}.Debug|Any CPU.Build.0 = Debug|Any CPU
		{3B0BCCC1-6209-4FE7-A969-1801AA557C74}.Release|Any CPU.ActiveCfg = Release|Any CPU
		{3B0BCCC1-6209-4FE7-A969-1801AA557C74}.Release|Any CPU.Build.0 = Release|Any CPU
		{CA6A110C-8AE2-45C5-8BF6-89115BE70269}.Debug|Any CPU.ActiveCfg = Debug|Any CPU
		{CA6A110C-8AE2-45C5-8BF6-89115BE70269}.Debug|Any CPU.Build.0 = Debug|Any CPU
		{CA6A110C-8AE2-45C5-8BF6-89115BE70269}.Release|Any CPU.ActiveCfg = Release|Any CPU
		{CA6A110C-8AE2-45C5-8BF6-89115BE70269}.Release|Any CPU.Build.0 = Release|Any CPU
	EndGlobalSection
EndGlobal
