
Microsoft Visual Studio Solution File, Format Version 12.00
# Visual Studio Version 16
VisualStudioVersion = 16.0.31624.102
MinimumVisualStudioVersion = 10.0.40219.1
Project("{FAE04EC0-301F-11D3-BF4B-00C04F79EFBC}") = "hw1", "hw1\hw1\hw1.csproj", "{4CC1B02A-7242-4F8F-85A1-B8309C9A2F5F}"
EndProject
Project("{FAE04EC0-301F-11D3-BF4B-00C04F79EFBC}") = "Tests", "hw1\Tests\Tests.csproj", "{963FFCA7-48FA-4BBA-A875-2B360926C7B2}"
EndProject
Project("{FAE04EC0-301F-11D3-BF4B-00C04F79EFBC}") = "hw2", "hw2\hw2.csproj", "{71397E65-9D2E-4FB0-B7DB-7BEBD9CE2515}"
EndProject
Project("{FAE04EC0-301F-11D3-BF4B-00C04F79EFBC}") = "hw2_il", "hw2_il\hw2_il.ilproj", "{AED3AFB0-8F3D-4A75-AE61-7F122EF22AEF}"
EndProject
Project("{FAE04EC0-301F-11D3-BF4B-00C04F79EFBC}") = "Tests2", "hw2\Tests2\Tests2.csproj", "{700F779D-A3B8-4468-B53F-B96CB127CD81}"
EndProject
Project("{F2A71F9B-5D33-465A-A702-920D77279786}") = "hw3", "hw3\hw3.fsproj", "{94C810D0-2565-4F9C-84FA-CF08369A6B1B}"
EndProject
Project("{F2A71F9B-5D33-465A-A702-920D77279786}") = "Tests3", "hw3\Tests3\Tests3.fsproj", "{E3C99226-F233-4E5C-BC43-619F5B1DA21D}"
EndProject
Project("{F2A71F9B-5D33-465A-A702-920D77279786}") = "hw4", "hw4\hw4.fsproj", "{A8589FAE-594A-4368-8DF2-180DC35FBD15}"
EndProject
Project("{F2A71F9B-5D33-465A-A702-920D77279786}") = "Tests4", "Tests4\Tests4.fsproj", "{6DD45F8E-0AA6-4E89-B878-AF714D58D5D1}"
EndProject
Project("{F2A71F9B-5D33-465A-A702-920D77279786}") = "hw5", "hw5\hw5.fsproj", "{3B0BCCC1-6209-4FE7-A969-1801AA557C74}"
EndProject
Project("{FAE04EC0-301F-11D3-BF4B-00C04F79EFBC}") = "Tests5", "Tests5\Tests5.csproj", "{CA6A110C-8AE2-45C5-8BF6-89115BE70269}"
EndProject
Project("{9A19103F-16F7-4668-BE54-9A1E7A4F7556}") = "hw6", "hw6\hw6.csproj", "{A2E4F61F-D7B5-4151-8379-66F0D36F1E6B}"
EndProject
Project("{9A19103F-16F7-4668-BE54-9A1E7A4F7556}") = "Tests6", "Tests6\Tests6.csproj", "{CD304C9F-3FF5-4E13-98F8-51987B723BD8}"
EndProject
Project("{9A19103F-16F7-4668-BE54-9A1E7A4F7556}") = "hw7", "hw7\hw7.csproj", "{88A2BB7C-338F-42BF-AD5C-E5315BFEBB99}"
EndProject
Project("{9A19103F-16F7-4668-BE54-9A1E7A4F7556}") = "Tests7", "Tests7\Tests7.csproj", "{3CFCAF6F-7F12-451B-B151-F885A839F9AA}"
EndProject
Project("{9A19103F-16F7-4668-BE54-9A1E7A4F7556}") = "Tests7Integration", "Tests7Integration\Tests7Integration.csproj", "{9A65CFF9-52FA-4890-B93D-01F1395E0CC0}"
EndProject
Project("{9A19103F-16F7-4668-BE54-9A1E7A4F7556}") = "hw8", "hw8\hw8.csproj", "{FCA66E55-48F3-413B-81C7-E2976255489A}"
EndProject
Project("{9A19103F-16F7-4668-BE54-9A1E7A4F7556}") = "Tests8", "Tests8\Tests8.csproj", "{1337DC96-178F-46FC-9988-9B9BD7F3F540}"
EndProject
Project("{FAE04EC0-301F-11D3-BF4B-00C04F79EFBC}") = "hw9", "hw9\hw9.csproj", "{F61E3F7A-9670-4C7A-99F4-392318946285}"
EndProject
Project("{FAE04EC0-301F-11D3-BF4B-00C04F79EFBC}") = "Tests9", "Tests9\Tests9.csproj", "{D1D30CD1-1F9A-472A-AA0D-891AEB9316FE}"
EndProject
Global
	GlobalSection(SolutionConfigurationPlatforms) = preSolution
		Debug|Any CPU = Debug|Any CPU
		Release|Any CPU = Release|Any CPU
	EndGlobalSection
	GlobalSection(ProjectConfigurationPlatforms) = postSolution
		{4CC1B02A-7242-4F8F-85A1-B8309C9A2F5F}.Debug|Any CPU.ActiveCfg = Debug|Any CPU
		{4CC1B02A-7242-4F8F-85A1-B8309C9A2F5F}.Debug|Any CPU.Build.0 = Debug|Any CPU
		{4CC1B02A-7242-4F8F-85A1-B8309C9A2F5F}.Release|Any CPU.ActiveCfg = Release|Any CPU
		{4CC1B02A-7242-4F8F-85A1-B8309C9A2F5F}.Release|Any CPU.Build.0 = Release|Any CPU
		{963FFCA7-48FA-4BBA-A875-2B360926C7B2}.Debug|Any CPU.ActiveCfg = Debug|Any CPU
		{963FFCA7-48FA-4BBA-A875-2B360926C7B2}.Debug|Any CPU.Build.0 = Debug|Any CPU
		{963FFCA7-48FA-4BBA-A875-2B360926C7B2}.Release|Any CPU.ActiveCfg = Release|Any CPU
		{963FFCA7-48FA-4BBA-A875-2B360926C7B2}.Release|Any CPU.Build.0 = Release|Any CPU
		{71397E65-9D2E-4FB0-B7DB-7BEBD9CE2515}.Debug|Any CPU.ActiveCfg = Debug|Any CPU
		{71397E65-9D2E-4FB0-B7DB-7BEBD9CE2515}.Debug|Any CPU.Build.0 = Debug|Any CPU
		{71397E65-9D2E-4FB0-B7DB-7BEBD9CE2515}.Release|Any CPU.ActiveCfg = Release|Any CPU
		{71397E65-9D2E-4FB0-B7DB-7BEBD9CE2515}.Release|Any CPU.Build.0 = Release|Any CPU
		{AED3AFB0-8F3D-4A75-AE61-7F122EF22AEF}.Debug|Any CPU.ActiveCfg = Debug|Any CPU
		{AED3AFB0-8F3D-4A75-AE61-7F122EF22AEF}.Debug|Any CPU.Build.0 = Debug|Any CPU
		{AED3AFB0-8F3D-4A75-AE61-7F122EF22AEF}.Release|Any CPU.ActiveCfg = Release|Any CPU
		{AED3AFB0-8F3D-4A75-AE61-7F122EF22AEF}.Release|Any CPU.Build.0 = Release|Any CPU
		{700F779D-A3B8-4468-B53F-B96CB127CD81}.Debug|Any CPU.ActiveCfg = Debug|Any CPU
		{700F779D-A3B8-4468-B53F-B96CB127CD81}.Debug|Any CPU.Build.0 = Debug|Any CPU
		{700F779D-A3B8-4468-B53F-B96CB127CD81}.Release|Any CPU.ActiveCfg = Release|Any CPU
		{700F779D-A3B8-4468-B53F-B96CB127CD81}.Release|Any CPU.Build.0 = Release|Any CPU
		{94C810D0-2565-4F9C-84FA-CF08369A6B1B}.Debug|Any CPU.ActiveCfg = Debug|Any CPU
		{94C810D0-2565-4F9C-84FA-CF08369A6B1B}.Debug|Any CPU.Build.0 = Debug|Any CPU
		{94C810D0-2565-4F9C-84FA-CF08369A6B1B}.Release|Any CPU.ActiveCfg = Release|Any CPU
		{94C810D0-2565-4F9C-84FA-CF08369A6B1B}.Release|Any CPU.Build.0 = Release|Any CPU
		{E3C99226-F233-4E5C-BC43-619F5B1DA21D}.Debug|Any CPU.ActiveCfg = Debug|Any CPU
		{E3C99226-F233-4E5C-BC43-619F5B1DA21D}.Debug|Any CPU.Build.0 = Debug|Any CPU
		{E3C99226-F233-4E5C-BC43-619F5B1DA21D}.Release|Any CPU.ActiveCfg = Release|Any CPU
		{E3C99226-F233-4E5C-BC43-619F5B1DA21D}.Release|Any CPU.Build.0 = Release|Any CPU
		{A8589FAE-594A-4368-8DF2-180DC35FBD15}.Debug|Any CPU.ActiveCfg = Debug|Any CPU
		{A8589FAE-594A-4368-8DF2-180DC35FBD15}.Debug|Any CPU.Build.0 = Debug|Any CPU
		{A8589FAE-594A-4368-8DF2-180DC35FBD15}.Release|Any CPU.ActiveCfg = Release|Any CPU
		{A8589FAE-594A-4368-8DF2-180DC35FBD15}.Release|Any CPU.Build.0 = Release|Any CPU
		{6DD45F8E-0AA6-4E89-B878-AF714D58D5D1}.Debug|Any CPU.ActiveCfg = Debug|Any CPU
		{6DD45F8E-0AA6-4E89-B878-AF714D58D5D1}.Debug|Any CPU.Build.0 = Debug|Any CPU
		{6DD45F8E-0AA6-4E89-B878-AF714D58D5D1}.Release|Any CPU.ActiveCfg = Release|Any CPU
		{6DD45F8E-0AA6-4E89-B878-AF714D58D5D1}.Release|Any CPU.Build.0 = Release|Any CPU
		{3B0BCCC1-6209-4FE7-A969-1801AA557C74}.Debug|Any CPU.ActiveCfg = Debug|Any CPU
		{3B0BCCC1-6209-4FE7-A969-1801AA557C74}.Debug|Any CPU.Build.0 = Debug|Any CPU
		{3B0BCCC1-6209-4FE7-A969-1801AA557C74}.Release|Any CPU.ActiveCfg = Release|Any CPU
		{3B0BCCC1-6209-4FE7-A969-1801AA557C74}.Release|Any CPU.Build.0 = Release|Any CPU
		{CA6A110C-8AE2-45C5-8BF6-89115BE70269}.Debug|Any CPU.ActiveCfg = Debug|Any CPU
		{CA6A110C-8AE2-45C5-8BF6-89115BE70269}.Debug|Any CPU.Build.0 = Debug|Any CPU
		{CA6A110C-8AE2-45C5-8BF6-89115BE70269}.Release|Any CPU.ActiveCfg = Release|Any CPU
		{CA6A110C-8AE2-45C5-8BF6-89115BE70269}.Release|Any CPU.Build.0 = Release|Any CPU
		{A2E4F61F-D7B5-4151-8379-66F0D36F1E6B}.Debug|Any CPU.ActiveCfg = Debug|Any CPU
		{A2E4F61F-D7B5-4151-8379-66F0D36F1E6B}.Debug|Any CPU.Build.0 = Debug|Any CPU
		{A2E4F61F-D7B5-4151-8379-66F0D36F1E6B}.Release|Any CPU.ActiveCfg = Release|Any CPU
		{A2E4F61F-D7B5-4151-8379-66F0D36F1E6B}.Release|Any CPU.Build.0 = Release|Any CPU
		{CD304C9F-3FF5-4E13-98F8-51987B723BD8}.Debug|Any CPU.ActiveCfg = Debug|Any CPU
		{CD304C9F-3FF5-4E13-98F8-51987B723BD8}.Debug|Any CPU.Build.0 = Debug|Any CPU
		{CD304C9F-3FF5-4E13-98F8-51987B723BD8}.Release|Any CPU.ActiveCfg = Release|Any CPU
		{CD304C9F-3FF5-4E13-98F8-51987B723BD8}.Release|Any CPU.Build.0 = Release|Any CPU
		{88A2BB7C-338F-42BF-AD5C-E5315BFEBB99}.Debug|Any CPU.ActiveCfg = Debug|Any CPU
		{88A2BB7C-338F-42BF-AD5C-E5315BFEBB99}.Debug|Any CPU.Build.0 = Debug|Any CPU
		{88A2BB7C-338F-42BF-AD5C-E5315BFEBB99}.Release|Any CPU.ActiveCfg = Release|Any CPU
		{88A2BB7C-338F-42BF-AD5C-E5315BFEBB99}.Release|Any CPU.Build.0 = Release|Any CPU
		{3CFCAF6F-7F12-451B-B151-F885A839F9AA}.Debug|Any CPU.ActiveCfg = Debug|Any CPU
		{3CFCAF6F-7F12-451B-B151-F885A839F9AA}.Debug|Any CPU.Build.0 = Debug|Any CPU
		{3CFCAF6F-7F12-451B-B151-F885A839F9AA}.Release|Any CPU.ActiveCfg = Release|Any CPU
		{3CFCAF6F-7F12-451B-B151-F885A839F9AA}.Release|Any CPU.Build.0 = Release|Any CPU
		{9A65CFF9-52FA-4890-B93D-01F1395E0CC0}.Debug|Any CPU.ActiveCfg = Debug|Any CPU
		{9A65CFF9-52FA-4890-B93D-01F1395E0CC0}.Debug|Any CPU.Build.0 = Debug|Any CPU
		{9A65CFF9-52FA-4890-B93D-01F1395E0CC0}.Release|Any CPU.ActiveCfg = Release|Any CPU
		{9A65CFF9-52FA-4890-B93D-01F1395E0CC0}.Release|Any CPU.Build.0 = Release|Any CPU
		{FCA66E55-48F3-413B-81C7-E2976255489A}.Debug|Any CPU.ActiveCfg = Debug|Any CPU
		{FCA66E55-48F3-413B-81C7-E2976255489A}.Debug|Any CPU.Build.0 = Debug|Any CPU
		{FCA66E55-48F3-413B-81C7-E2976255489A}.Release|Any CPU.ActiveCfg = Release|Any CPU
		{FCA66E55-48F3-413B-81C7-E2976255489A}.Release|Any CPU.Build.0 = Release|Any CPU
		{1337DC96-178F-46FC-9988-9B9BD7F3F540}.Debug|Any CPU.ActiveCfg = Debug|Any CPU
		{1337DC96-178F-46FC-9988-9B9BD7F3F540}.Debug|Any CPU.Build.0 = Debug|Any CPU
		{1337DC96-178F-46FC-9988-9B9BD7F3F540}.Release|Any CPU.ActiveCfg = Release|Any CPU
		{1337DC96-178F-46FC-9988-9B9BD7F3F540}.Release|Any CPU.Build.0 = Release|Any CPU
		{F61E3F7A-9670-4C7A-99F4-392318946285}.Debug|Any CPU.ActiveCfg = Debug|Any CPU
		{F61E3F7A-9670-4C7A-99F4-392318946285}.Debug|Any CPU.Build.0 = Debug|Any CPU
		{F61E3F7A-9670-4C7A-99F4-392318946285}.Release|Any CPU.ActiveCfg = Release|Any CPU
		{F61E3F7A-9670-4C7A-99F4-392318946285}.Release|Any CPU.Build.0 = Release|Any CPU
		{D1D30CD1-1F9A-472A-AA0D-891AEB9316FE}.Debug|Any CPU.ActiveCfg = Debug|Any CPU
		{D1D30CD1-1F9A-472A-AA0D-891AEB9316FE}.Debug|Any CPU.Build.0 = Debug|Any CPU
		{D1D30CD1-1F9A-472A-AA0D-891AEB9316FE}.Release|Any CPU.ActiveCfg = Release|Any CPU
		{D1D30CD1-1F9A-472A-AA0D-891AEB9316FE}.Release|Any CPU.Build.0 = Release|Any CPU
	EndGlobalSection
	GlobalSection(SolutionProperties) = preSolution
		HideSolutionNode = FALSE
	EndGlobalSection
	GlobalSection(ExtensibilityGlobals) = postSolution
		SolutionGuid = {647FB98E-EF3A-4494-A691-8F72F6492C1A}
	EndGlobalSection
EndGlobal
